Microsoft Visual Studio Solution File, Format Version 12.00
# Visual Studio Version 17
VisualStudioVersion = 17.5.2.0
MinimumVisualStudioVersion = 10.0.40219.1
Project("{FAE04EC0-301F-11D3-BF4B-00C04F79EFBC}") = "RazorPagesComic", "RazorPagesComic.csproj", "{7401F17B-3F95-1828-304D-718E03C91A5B}"
EndProject
Global
	GlobalSection(SolutionConfigurationPlatforms) = preSolution
		Debug|Any CPU = Debug|Any CPU
		Release|Any CPU = Release|Any CPU
	EndGlobalSection
	GlobalSection(ProjectConfigurationPlatforms) = postSolution
		{7401F17B-3F95-1828-304D-718E03C91A5B}.Debug|Any CPU.ActiveCfg = Debug|Any CPU
		{7401F17B-3F95-1828-304D-718E03C91A5B}.Debug|Any CPU.Build.0 = Debug|Any CPU
		{7401F17B-3F95-1828-304D-718E03C91A5B}.Release|Any CPU.ActiveCfg = Release|Any CPU
		{7401F17B-3F95-1828-304D-718E03C91A5B}.Release|Any CPU.Build.0 = Release|Any CPU
	EndGlobalSection
	GlobalSection(SolutionProperties) = preSolution
		HideSolutionNode = FALSE
	EndGlobalSection
	GlobalSection(ExtensibilityGlobals) = postSolution
		SolutionGuid = {E38C6067-4E7C-42A7-A41F-D1D515A8A25C}
	EndGlobalSection
EndGlobal
